
Microsoft Visual Studio Solution File, Format Version 12.00
# Visual Studio 14
VisualStudioVersion = 14.0.24720.0
MinimumVisualStudioVersion = 10.0.40219.1
Project("{FAE04EC0-301F-11D3-BF4B-00C04F79EFBC}") = "Quiron.LojaVirtual.Web", "Quiron.LojaVirtual.Web\Quiron.LojaVirtual.Web.csproj", "{783E2441-1C7B-4FCE-B79C-5148CF8B0B0B}"
EndProject
Project("{FAE04EC0-301F-11D3-BF4B-00C04F79EFBC}") = "Quiron.LojaVirtual.Dominio", "Quiron.LojaVirtual.Dominio\Quiron.LojaVirtual.Dominio.csproj", "{102DFEDD-97A7-41DC-BE83-0BC8B1A3CFC5}"
EndProject
Project("{FAE04EC0-301F-11D3-BF4B-00C04F79EFBC}") = "Quiron.LojaVirtual.UnitTest", "Quiron.LojaVirtual.UnitTest\Quiron.LojaVirtual.UnitTest.csproj", "{17A29FEB-7BDC-4BF6-9C36-CA6C271E8580}"
EndProject
Global
	GlobalSection(SolutionConfigurationPlatforms) = preSolution
		Debug|Any CPU = Debug|Any CPU
		Release|Any CPU = Release|Any CPU
	EndGlobalSection
	GlobalSection(ProjectConfigurationPlatforms) = postSolution
		{783E2441-1C7B-4FCE-B79C-5148CF8B0B0B}.Debug|Any CPU.ActiveCfg = Debug|Any CPU
		{783E2441-1C7B-4FCE-B79C-5148CF8B0B0B}.Debug|Any CPU.Build.0 = Debug|Any CPU
		{783E2441-1C7B-4FCE-B79C-5148CF8B0B0B}.Release|Any CPU.ActiveCfg = Release|Any CPU
		{783E2441-1C7B-4FCE-B79C-5148CF8B0B0B}.Release|Any CPU.Build.0 = Release|Any CPU
		{102DFEDD-97A7-41DC-BE83-0BC8B1A3CFC5}.Debug|Any CPU.ActiveCfg = Debug|Any CPU
		{102DFEDD-97A7-41DC-BE83-0BC8B1A3CFC5}.Debug|Any CPU.Build.0 = Debug|Any CPU
		{102DFEDD-97A7-41DC-BE83-0BC8B1A3CFC5}.Release|Any CPU.ActiveCfg = Release|Any CPU
		{102DFEDD-97A7-41DC-BE83-0BC8B1A3CFC5}.Release|Any CPU.Build.0 = Release|Any CPU
		{17A29FEB-7BDC-4BF6-9C36-CA6C271E8580}.Debug|Any CPU.ActiveCfg = Debug|Any CPU
		{17A29FEB-7BDC-4BF6-9C36-CA6C271E8580}.Debug|Any CPU.Build.0 = Debug|Any CPU
		{17A29FEB-7BDC-4BF6-9C36-CA6C271E8580}.Release|Any CPU.ActiveCfg = Release|Any CPU
		{17A29FEB-7BDC-4BF6-9C36-CA6C271E8580}.Release|Any CPU.Build.0 = Release|Any CPU
	EndGlobalSection
	GlobalSection(SolutionProperties) = preSolution
		HideSolutionNode = FALSE
	EndGlobalSection
EndGlobal
